
Microsoft Visual Studio Solution File, Format Version 12.00
# Visual Studio Version 16
VisualStudioVersion = 16.0.31205.134
MinimumVisualStudioVersion = 10.0.40219.1
Project("{FAE04EC0-301F-11D3-BF4B-00C04F79EFBC}") = "Assignment3", "Assignment3\Assignment3.csproj", "{372C1992-0634-43EB-9028-0D47868E0F5F}"
EndProject
Global
	GlobalSection(SolutionConfigurationPlatforms) = preSolution
		Debug|Any CPU = Debug|Any CPU
		Release|Any CPU = Release|Any CPU
	EndGlobalSection
	GlobalSection(ProjectConfigurationPlatforms) = postSolution
		{372C1992-0634-43EB-9028-0D47868E0F5F}.Debug|Any CPU.ActiveCfg = Debug|Any CPU
		{372C1992-0634-43EB-9028-0D47868E0F5F}.Debug|Any CPU.Build.0 = Debug|Any CPU
		{372C1992-0634-43EB-9028-0D47868E0F5F}.Release|Any CPU.ActiveCfg = Release|Any CPU
		{372C1992-0634-43EB-9028-0D47868E0F5F}.Release|Any CPU.Build.0 = Release|Any CPU
	EndGlobalSection
	GlobalSection(SolutionProperties) = preSolution
		HideSolutionNode = FALSE
	EndGlobalSection
	GlobalSection(ExtensibilityGlobals) = postSolution
		SolutionGuid = {65D7BF93-17B5-41C5-9466-22469224146F}
	EndGlobalSection
EndGlobal
